// !$*UTF8*$!
{
	archiveVersion = 1;
	classes = {
	};
	objectVersion = 51;
	objects = {

/* Begin PBXBuildFile section */
		64408288918270188936296C /* Pods_ZiheChatTests.framework in Frameworks */ = {isa = PBXBuildFile; fileRef = 6D1FBB4AF79B3CE2642932A3 /* Pods_ZiheChatTests.framework */; };
		B84DFC16C8247565C1B4A88D /* Pods_ZiheChat_ZiheChatUITests.framework in Frameworks */ = {isa = PBXBuildFile; fileRef = BDD537D5AC1874AC83780C4C /* Pods_ZiheChat_ZiheChatUITests.framework */; };
		B977FE3223F1549300DA8FAE /* Message.swift in Sources */ = {isa = PBXBuildFile; fileRef = B977FE3123F1549300DA8FAE /* Message.swift */; };
		B977FE3323F1549300DA8FAE /* Message.swift in Sources */ = {isa = PBXBuildFile; fileRef = B977FE3123F1549300DA8FAE /* Message.swift */; };
		B977FE3423F1549300DA8FAE /* Message.swift in Sources */ = {isa = PBXBuildFile; fileRef = B977FE3123F1549300DA8FAE /* Message.swift */; };
		B977FE3823F154CC00DA8FAE /* CustomTableViewCell.swift in Sources */ = {isa = PBXBuildFile; fileRef = B977FE3623F154CC00DA8FAE /* CustomTableViewCell.swift */; };
		B977FE3923F154CC00DA8FAE /* CustomTableViewCell.swift in Sources */ = {isa = PBXBuildFile; fileRef = B977FE3623F154CC00DA8FAE /* CustomTableViewCell.swift */; };
		B977FE3A23F154CC00DA8FAE /* CustomTableViewCell.swift in Sources */ = {isa = PBXBuildFile; fileRef = B977FE3623F154CC00DA8FAE /* CustomTableViewCell.swift */; };
		B977FE3B23F154CC00DA8FAE /* CustomTableViewCell.xib in Resources */ = {isa = PBXBuildFile; fileRef = B977FE3723F154CC00DA8FAE /* CustomTableViewCell.xib */; };
		B977FE3C23F154CC00DA8FAE /* CustomTableViewCell.xib in Resources */ = {isa = PBXBuildFile; fileRef = B977FE3723F154CC00DA8FAE /* CustomTableViewCell.xib */; };
		B977FE3D23F154CC00DA8FAE /* CustomTableViewCell.xib in Resources */ = {isa = PBXBuildFile; fileRef = B977FE3723F154CC00DA8FAE /* CustomTableViewCell.xib */; };
		B977FE4323F15D0C00DA8FAE /* SignInViewController.swift in Sources */ = {isa = PBXBuildFile; fileRef = B977FE4223F15D0C00DA8FAE /* SignInViewController.swift */; };
		B977FE4423F15D0C00DA8FAE /* SignInViewController.swift in Sources */ = {isa = PBXBuildFile; fileRef = B977FE4223F15D0C00DA8FAE /* SignInViewController.swift */; };
		B977FE4523F15D0C00DA8FAE /* SignInViewController.swift in Sources */ = {isa = PBXBuildFile; fileRef = B977FE4223F15D0C00DA8FAE /* SignInViewController.swift */; };
		B977FE4723F15DA400DA8FAE /* SignUpViewController.swift in Sources */ = {isa = PBXBuildFile; fileRef = B977FE4623F15DA400DA8FAE /* SignUpViewController.swift */; };
		B977FE4823F15DA400DA8FAE /* SignUpViewController.swift in Sources */ = {isa = PBXBuildFile; fileRef = B977FE4623F15DA400DA8FAE /* SignUpViewController.swift */; };
		B977FE4923F15DA400DA8FAE /* SignUpViewController.swift in Sources */ = {isa = PBXBuildFile; fileRef = B977FE4623F15DA400DA8FAE /* SignUpViewController.swift */; };
		B977FE4B23F15DD300DA8FAE /* ChatViewController.swift in Sources */ = {isa = PBXBuildFile; fileRef = B977FE4A23F15DD300DA8FAE /* ChatViewController.swift */; };
		B977FE4C23F15DD300DA8FAE /* ChatViewController.swift in Sources */ = {isa = PBXBuildFile; fileRef = B977FE4A23F15DD300DA8FAE /* ChatViewController.swift */; };
		B977FE4D23F15DD300DA8FAE /* ChatViewController.swift in Sources */ = {isa = PBXBuildFile; fileRef = B977FE4A23F15DD300DA8FAE /* ChatViewController.swift */; };
		B9C375EC23F3EDD90027882E /* Client.swift in Sources */ = {isa = PBXBuildFile; fileRef = B9C375EB23F3EDD90027882E /* Client.swift */; };
		B9C375ED23F3EDD90027882E /* Client.swift in Sources */ = {isa = PBXBuildFile; fileRef = B9C375EB23F3EDD90027882E /* Client.swift */; };
		B9C375EE23F3EDD90027882E /* Client.swift in Sources */ = {isa = PBXBuildFile; fileRef = B9C375EB23F3EDD90027882E /* Client.swift */; };
		B9C375F023F3EF270027882E /* Configuration.swift in Sources */ = {isa = PBXBuildFile; fileRef = B9C375EF23F3EF270027882E /* Configuration.swift */; };
		B9C375F123F3EF270027882E /* Configuration.swift in Sources */ = {isa = PBXBuildFile; fileRef = B9C375EF23F3EF270027882E /* Configuration.swift */; };
		B9C375F223F3EF270027882E /* Configuration.swift in Sources */ = {isa = PBXBuildFile; fileRef = B9C375EF23F3EF270027882E /* Configuration.swift */; };
		B9C375F423F403F90027882E /* extention.swift in Sources */ = {isa = PBXBuildFile; fileRef = B9C375F323F403F90027882E /* extention.swift */; };
		B9C375F523F403F90027882E /* extention.swift in Sources */ = {isa = PBXBuildFile; fileRef = B9C375F323F403F90027882E /* extention.swift */; };
		B9C375F623F403F90027882E /* extention.swift in Sources */ = {isa = PBXBuildFile; fileRef = B9C375F323F403F90027882E /* extention.swift */; };
		B9F2CA1723F0ECD8002786F8 /* AppDelegate.swift in Sources */ = {isa = PBXBuildFile; fileRef = B9F2CA1623F0ECD8002786F8 /* AppDelegate.swift */; };
		B9F2CA1923F0ECD8002786F8 /* SceneDelegate.swift in Sources */ = {isa = PBXBuildFile; fileRef = B9F2CA1823F0ECD8002786F8 /* SceneDelegate.swift */; };
		B9F2CA1B23F0ECD8002786F8 /* ViewController.swift in Sources */ = {isa = PBXBuildFile; fileRef = B9F2CA1A23F0ECD8002786F8 /* ViewController.swift */; };
		B9F2CA1E23F0ECD8002786F8 /* Main.storyboard in Resources */ = {isa = PBXBuildFile; fileRef = B9F2CA1C23F0ECD8002786F8 /* Main.storyboard */; };
		B9F2CA2323F0ECD9002786F8 /* Assets.xcassets in Resources */ = {isa = PBXBuildFile; fileRef = B9F2CA2223F0ECD9002786F8 /* Assets.xcassets */; };
		B9F2CA2623F0ECD9002786F8 /* LaunchScreen.storyboard in Resources */ = {isa = PBXBuildFile; fileRef = B9F2CA2423F0ECD9002786F8 /* LaunchScreen.storyboard */; };
		B9F2CA3123F0ECDA002786F8 /* ZiheChatTests.swift in Sources */ = {isa = PBXBuildFile; fileRef = B9F2CA3023F0ECDA002786F8 /* ZiheChatTests.swift */; };
		B9F2CA3C23F0ECDA002786F8 /* ZiheChatUITests.swift in Sources */ = {isa = PBXBuildFile; fileRef = B9F2CA3B23F0ECDA002786F8 /* ZiheChatUITests.swift */; };
		DC8CCA0BE82F2455102A79D7 /* Pods_ZiheChat.framework in Frameworks */ = {isa = PBXBuildFile; fileRef = 623DD0066558E5BCF031F30D /* Pods_ZiheChat.framework */; };
/* End PBXBuildFile section */

/* Begin PBXContainerItemProxy section */
		B9F2CA2D23F0ECDA002786F8 /* PBXContainerItemProxy */ = {
			isa = PBXContainerItemProxy;
			containerPortal = B9F2CA0B23F0ECD8002786F8 /* Project object */;
			proxyType = 1;
			remoteGlobalIDString = B9F2CA1223F0ECD8002786F8;
			remoteInfo = ZiheChat;
		};
		B9F2CA3823F0ECDA002786F8 /* PBXContainerItemProxy */ = {
			isa = PBXContainerItemProxy;
			containerPortal = B9F2CA0B23F0ECD8002786F8 /* Project object */;
			proxyType = 1;
			remoteGlobalIDString = B9F2CA1223F0ECD8002786F8;
			remoteInfo = ZiheChat;
		};
/* End PBXContainerItemProxy section */

/* Begin PBXFileReference section */
		11C6FA36C0795FBD94D259D7 /* Pods-ZiheChat.debug.xcconfig */ = {isa = PBXFileReference; includeInIndex = 1; lastKnownFileType = text.xcconfig; name = "Pods-ZiheChat.debug.xcconfig"; path = "Target Support Files/Pods-ZiheChat/Pods-ZiheChat.debug.xcconfig"; sourceTree = "<group>"; };
		55EB2DF6B438B9F2FFC746C5 /* Pods-ZiheChatTests.debug.xcconfig */ = {isa = PBXFileReference; includeInIndex = 1; lastKnownFileType = text.xcconfig; name = "Pods-ZiheChatTests.debug.xcconfig"; path = "Target Support Files/Pods-ZiheChatTests/Pods-ZiheChatTests.debug.xcconfig"; sourceTree = "<group>"; };
		623DD0066558E5BCF031F30D /* Pods_ZiheChat.framework */ = {isa = PBXFileReference; explicitFileType = wrapper.framework; includeInIndex = 0; path = Pods_ZiheChat.framework; sourceTree = BUILT_PRODUCTS_DIR; };
		6D1FBB4AF79B3CE2642932A3 /* Pods_ZiheChatTests.framework */ = {isa = PBXFileReference; explicitFileType = wrapper.framework; includeInIndex = 0; path = Pods_ZiheChatTests.framework; sourceTree = BUILT_PRODUCTS_DIR; };
		80E7508BC14E5EBB4A7574FE /* Pods-ZiheChat-ZiheChatUITests.release.xcconfig */ = {isa = PBXFileReference; includeInIndex = 1; lastKnownFileType = text.xcconfig; name = "Pods-ZiheChat-ZiheChatUITests.release.xcconfig"; path = "Target Support Files/Pods-ZiheChat-ZiheChatUITests/Pods-ZiheChat-ZiheChatUITests.release.xcconfig"; sourceTree = "<group>"; };
		91DFA41FA0EE3F09A3357B9F /* Pods-ZiheChat-ZiheChatUITests.debug.xcconfig */ = {isa = PBXFileReference; includeInIndex = 1; lastKnownFileType = text.xcconfig; name = "Pods-ZiheChat-ZiheChatUITests.debug.xcconfig"; path = "Target Support Files/Pods-ZiheChat-ZiheChatUITests/Pods-ZiheChat-ZiheChatUITests.debug.xcconfig"; sourceTree = "<group>"; };
		9F096C26E3D7373029B89BAB /* Pods-ZiheChatTests.release.xcconfig */ = {isa = PBXFileReference; includeInIndex = 1; lastKnownFileType = text.xcconfig; name = "Pods-ZiheChatTests.release.xcconfig"; path = "Target Support Files/Pods-ZiheChatTests/Pods-ZiheChatTests.release.xcconfig"; sourceTree = "<group>"; };
		B977FE3123F1549300DA8FAE /* Message.swift */ = {isa = PBXFileReference; lastKnownFileType = sourcecode.swift; path = Message.swift; sourceTree = "<group>"; };
		B977FE3623F154CC00DA8FAE /* CustomTableViewCell.swift */ = {isa = PBXFileReference; lastKnownFileType = sourcecode.swift; path = CustomTableViewCell.swift; sourceTree = "<group>"; };
		B977FE3723F154CC00DA8FAE /* CustomTableViewCell.xib */ = {isa = PBXFileReference; lastKnownFileType = file.xib; path = CustomTableViewCell.xib; sourceTree = "<group>"; };
		B977FE4223F15D0C00DA8FAE /* SignInViewController.swift */ = {isa = PBXFileReference; lastKnownFileType = sourcecode.swift; path = SignInViewController.swift; sourceTree = "<group>"; };
		B977FE4623F15DA400DA8FAE /* SignUpViewController.swift */ = {isa = PBXFileReference; lastKnownFileType = sourcecode.swift; path = SignUpViewController.swift; sourceTree = "<group>"; };
		B977FE4A23F15DD300DA8FAE /* ChatViewController.swift */ = {isa = PBXFileReference; lastKnownFileType = sourcecode.swift; path = ChatViewController.swift; sourceTree = "<group>"; };
		B977FE5423F1607D00DA8FAE /* ZiheChat-bridging-Header.h */ = {isa = PBXFileReference; lastKnownFileType = sourcecode.c.h; path = "ZiheChat-bridging-Header.h"; sourceTree = "<group>"; };
		B9C375EB23F3EDD90027882E /* Client.swift */ = {isa = PBXFileReference; lastKnownFileType = sourcecode.swift; path = Client.swift; sourceTree = "<group>"; };
		B9C375EF23F3EF270027882E /* Configuration.swift */ = {isa = PBXFileReference; lastKnownFileType = sourcecode.swift; path = Configuration.swift; sourceTree = "<group>"; };
		B9C375F323F403F90027882E /* extention.swift */ = {isa = PBXFileReference; lastKnownFileType = sourcecode.swift; path = extention.swift; sourceTree = "<group>"; };
		B9F2CA1323F0ECD8002786F8 /* ZiheChat.app */ = {isa = PBXFileReference; explicitFileType = wrapper.application; includeInIndex = 0; path = ZiheChat.app; sourceTree = BUILT_PRODUCTS_DIR; };
		B9F2CA1623F0ECD8002786F8 /* AppDelegate.swift */ = {isa = PBXFileReference; lastKnownFileType = sourcecode.swift; path = AppDelegate.swift; sourceTree = "<group>"; };
		B9F2CA1823F0ECD8002786F8 /* SceneDelegate.swift */ = {isa = PBXFileReference; lastKnownFileType = sourcecode.swift; path = SceneDelegate.swift; sourceTree = "<group>"; };
		B9F2CA1A23F0ECD8002786F8 /* ViewController.swift */ = {isa = PBXFileReference; lastKnownFileType = sourcecode.swift; path = ViewController.swift; sourceTree = "<group>"; };
		B9F2CA1D23F0ECD8002786F8 /* Base */ = {isa = PBXFileReference; lastKnownFileType = file.storyboard; name = Base; path = Base.lproj/Main.storyboard; sourceTree = "<group>"; };
		B9F2CA2223F0ECD9002786F8 /* Assets.xcassets */ = {isa = PBXFileReference; lastKnownFileType = folder.assetcatalog; path = Assets.xcassets; sourceTree = "<group>"; };
		B9F2CA2523F0ECD9002786F8 /* Base */ = {isa = PBXFileReference; lastKnownFileType = file.storyboard; name = Base; path = Base.lproj/LaunchScreen.storyboard; sourceTree = "<group>"; };
		B9F2CA2723F0ECD9002786F8 /* Info.plist */ = {isa = PBXFileReference; lastKnownFileType = text.plist.xml; path = Info.plist; sourceTree = "<group>"; };
		B9F2CA2C23F0ECDA002786F8 /* ZiheChatTests.xctest */ = {isa = PBXFileReference; explicitFileType = wrapper.cfbundle; includeInIndex = 0; path = ZiheChatTests.xctest; sourceTree = BUILT_PRODUCTS_DIR; };
		B9F2CA3023F0ECDA002786F8 /* ZiheChatTests.swift */ = {isa = PBXFileReference; lastKnownFileType = sourcecode.swift; path = ZiheChatTests.swift; sourceTree = "<group>"; };
		B9F2CA3223F0ECDA002786F8 /* Info.plist */ = {isa = PBXFileReference; lastKnownFileType = text.plist.xml; path = Info.plist; sourceTree = "<group>"; };
		B9F2CA3723F0ECDA002786F8 /* ZiheChatUITests.xctest */ = {isa = PBXFileReference; explicitFileType = wrapper.cfbundle; includeInIndex = 0; path = ZiheChatUITests.xctest; sourceTree = BUILT_PRODUCTS_DIR; };
		B9F2CA3B23F0ECDA002786F8 /* ZiheChatUITests.swift */ = {isa = PBXFileReference; lastKnownFileType = sourcecode.swift; path = ZiheChatUITests.swift; sourceTree = "<group>"; };
		B9F2CA3D23F0ECDA002786F8 /* Info.plist */ = {isa = PBXFileReference; lastKnownFileType = text.plist.xml; path = Info.plist; sourceTree = "<group>"; };
		BDD537D5AC1874AC83780C4C /* Pods_ZiheChat_ZiheChatUITests.framework */ = {isa = PBXFileReference; explicitFileType = wrapper.framework; includeInIndex = 0; path = Pods_ZiheChat_ZiheChatUITests.framework; sourceTree = BUILT_PRODUCTS_DIR; };
		D90B7079CD1503786213A6DF /* Pods-ZiheChat.release.xcconfig */ = {isa = PBXFileReference; includeInIndex = 1; lastKnownFileType = text.xcconfig; name = "Pods-ZiheChat.release.xcconfig"; path = "Target Support Files/Pods-ZiheChat/Pods-ZiheChat.release.xcconfig"; sourceTree = "<group>"; };
/* End PBXFileReference section */

/* Begin PBXFrameworksBuildPhase section */
		B9F2CA1023F0ECD8002786F8 /* Frameworks */ = {
			isa = PBXFrameworksBuildPhase;
			buildActionMask = 2147483647;
			files = (
				DC8CCA0BE82F2455102A79D7 /* Pods_ZiheChat.framework in Frameworks */,
			);
			runOnlyForDeploymentPostprocessing = 0;
		};
		B9F2CA2923F0ECDA002786F8 /* Frameworks */ = {
			isa = PBXFrameworksBuildPhase;
			buildActionMask = 2147483647;
			files = (
				64408288918270188936296C /* Pods_ZiheChatTests.framework in Frameworks */,
			);
			runOnlyForDeploymentPostprocessing = 0;
		};
		B9F2CA3423F0ECDA002786F8 /* Frameworks */ = {
			isa = PBXFrameworksBuildPhase;
			buildActionMask = 2147483647;
			files = (
				B84DFC16C8247565C1B4A88D /* Pods_ZiheChat_ZiheChatUITests.framework in Frameworks */,
			);
			runOnlyForDeploymentPostprocessing = 0;
		};
/* End PBXFrameworksBuildPhase section */

/* Begin PBXGroup section */
		104E75F8A05D1BE009EA9F20 /* Pods */ = {
			isa = PBXGroup;
			children = (
				11C6FA36C0795FBD94D259D7 /* Pods-ZiheChat.debug.xcconfig */,
				D90B7079CD1503786213A6DF /* Pods-ZiheChat.release.xcconfig */,
				91DFA41FA0EE3F09A3357B9F /* Pods-ZiheChat-ZiheChatUITests.debug.xcconfig */,
				80E7508BC14E5EBB4A7574FE /* Pods-ZiheChat-ZiheChatUITests.release.xcconfig */,
				55EB2DF6B438B9F2FFC746C5 /* Pods-ZiheChatTests.debug.xcconfig */,
				9F096C26E3D7373029B89BAB /* Pods-ZiheChatTests.release.xcconfig */,
			);
			path = Pods;
			sourceTree = "<group>";
		};
		7A168276805176029F420B17 /* Frameworks */ = {
			isa = PBXGroup;
			children = (
				623DD0066558E5BCF031F30D /* Pods_ZiheChat.framework */,
				BDD537D5AC1874AC83780C4C /* Pods_ZiheChat_ZiheChatUITests.framework */,
				6D1FBB4AF79B3CE2642932A3 /* Pods_ZiheChatTests.framework */,
			);
			name = Frameworks;
			sourceTree = "<group>";
		};
		B977FE2E23F1543200DA8FAE /* View */ = {
			isa = PBXGroup;
			children = (
				B977FE3523F154A800DA8FAE /* CustomCell */,
				B9F2CA1C23F0ECD8002786F8 /* Main.storyboard */,
				B9F2CA2423F0ECD9002786F8 /* LaunchScreen.storyboard */,
			);
			path = View;
			sourceTree = "<group>";
		};
		B977FE2F23F1543E00DA8FAE /* Model */ = {
			isa = PBXGroup;
			children = (
				B977FE3123F1549300DA8FAE /* Message.swift */,
				B9C375EB23F3EDD90027882E /* Client.swift */,
				B9C375EF23F3EF270027882E /* Configuration.swift */,
				B9C375F323F403F90027882E /* extention.swift */,
			);
			path = Model;
			sourceTree = "<group>";
		};
		B977FE3023F1544800DA8FAE /* Controller */ = {
			isa = PBXGroup;
			children = (
				B9F2CA1623F0ECD8002786F8 /* AppDelegate.swift */,
				B9F2CA1823F0ECD8002786F8 /* SceneDelegate.swift */,
				B9F2CA1A23F0ECD8002786F8 /* ViewController.swift */,
				B977FE4223F15D0C00DA8FAE /* SignInViewController.swift */,
				B977FE4623F15DA400DA8FAE /* SignUpViewController.swift */,
				B977FE4A23F15DD300DA8FAE /* ChatViewController.swift */,
				B977FE5423F1607D00DA8FAE /* ZiheChat-bridging-Header.h */,
			);
			path = Controller;
			sourceTree = "<group>";
		};
		B977FE3523F154A800DA8FAE /* CustomCell */ = {
			isa = PBXGroup;
			children = (
				B977FE3623F154CC00DA8FAE /* CustomTableViewCell.swift */,
				B977FE3723F154CC00DA8FAE /* CustomTableViewCell.xib */,
			);
			path = CustomCell;
			sourceTree = "<group>";
		};
		B9F2CA0A23F0ECD8002786F8 = {
			isa = PBXGroup;
			children = (
				B9F2CA1523F0ECD8002786F8 /* ZiheChat */,
				B9F2CA2F23F0ECDA002786F8 /* ZiheChatTests */,
				B9F2CA3A23F0ECDA002786F8 /* ZiheChatUITests */,
				B9F2CA1423F0ECD8002786F8 /* Products */,
				104E75F8A05D1BE009EA9F20 /* Pods */,
				7A168276805176029F420B17 /* Frameworks */,
			);
			sourceTree = "<group>";
		};
		B9F2CA1423F0ECD8002786F8 /* Products */ = {
			isa = PBXGroup;
			children = (
				B9F2CA1323F0ECD8002786F8 /* ZiheChat.app */,
				B9F2CA2C23F0ECDA002786F8 /* ZiheChatTests.xctest */,
				B9F2CA3723F0ECDA002786F8 /* ZiheChatUITests.xctest */,
			);
			name = Products;
			sourceTree = "<group>";
		};
		B9F2CA1523F0ECD8002786F8 /* ZiheChat */ = {
			isa = PBXGroup;
			children = (
				B977FE3023F1544800DA8FAE /* Controller */,
				B977FE2F23F1543E00DA8FAE /* Model */,
				B977FE2E23F1543200DA8FAE /* View */,
				B9F2CA2223F0ECD9002786F8 /* Assets.xcassets */,
				B9F2CA2723F0ECD9002786F8 /* Info.plist */,
			);
			path = ZiheChat;
			sourceTree = "<group>";
		};
		B9F2CA2F23F0ECDA002786F8 /* ZiheChatTests */ = {
			isa = PBXGroup;
			children = (
				B9F2CA3023F0ECDA002786F8 /* ZiheChatTests.swift */,
				B9F2CA3223F0ECDA002786F8 /* Info.plist */,
			);
			path = ZiheChatTests;
			sourceTree = "<group>";
		};
		B9F2CA3A23F0ECDA002786F8 /* ZiheChatUITests */ = {
			isa = PBXGroup;
			children = (
				B9F2CA3B23F0ECDA002786F8 /* ZiheChatUITests.swift */,
				B9F2CA3D23F0ECDA002786F8 /* Info.plist */,
			);
			path = ZiheChatUITests;
			sourceTree = "<group>";
		};
/* End PBXGroup section */

/* Begin PBXNativeTarget section */
		B9F2CA1223F0ECD8002786F8 /* ZiheChat */ = {
			isa = PBXNativeTarget;
			buildConfigurationList = B9F2CA4023F0ECDA002786F8 /* Build configuration list for PBXNativeTarget "ZiheChat" */;
			buildPhases = (
				56925F89D416A6E78846B756 /* [CP] Check Pods Manifest.lock */,
				B9F2CA0F23F0ECD8002786F8 /* Sources */,
				B9F2CA1023F0ECD8002786F8 /* Frameworks */,
				B9F2CA1123F0ECD8002786F8 /* Resources */,
				29CEC8064841D86B36C8F1C9 /* [CP] Embed Pods Frameworks */,
			);
			buildRules = (
			);
			dependencies = (
			);
			name = ZiheChat;
			productName = ZiheChat;
			productReference = B9F2CA1323F0ECD8002786F8 /* ZiheChat.app */;
			productType = "com.apple.product-type.application";
		};
		B9F2CA2B23F0ECDA002786F8 /* ZiheChatTests */ = {
			isa = PBXNativeTarget;
			buildConfigurationList = B9F2CA4323F0ECDA002786F8 /* Build configuration list for PBXNativeTarget "ZiheChatTests" */;
			buildPhases = (
				3B7B96D4171EDB4CB2D9552F /* [CP] Check Pods Manifest.lock */,
				B9F2CA2823F0ECDA002786F8 /* Sources */,
				B9F2CA2923F0ECDA002786F8 /* Frameworks */,
				B9F2CA2A23F0ECDA002786F8 /* Resources */,
			);
			buildRules = (
			);
			dependencies = (
				B9F2CA2E23F0ECDA002786F8 /* PBXTargetDependency */,
			);
			name = ZiheChatTests;
			productName = ZiheChatTests;
			productReference = B9F2CA2C23F0ECDA002786F8 /* ZiheChatTests.xctest */;
			productType = "com.apple.product-type.bundle.unit-test";
		};
		B9F2CA3623F0ECDA002786F8 /* ZiheChatUITests */ = {
			isa = PBXNativeTarget;
			buildConfigurationList = B9F2CA4623F0ECDA002786F8 /* Build configuration list for PBXNativeTarget "ZiheChatUITests" */;
			buildPhases = (
				C734E25BEDD343F9C51AD0D7 /* [CP] Check Pods Manifest.lock */,
				B9F2CA3323F0ECDA002786F8 /* Sources */,
				B9F2CA3423F0ECDA002786F8 /* Frameworks */,
				B9F2CA3523F0ECDA002786F8 /* Resources */,
				343397150C11F5C8A8750301 /* [CP] Embed Pods Frameworks */,
			);
			buildRules = (
			);
			dependencies = (
				B9F2CA3923F0ECDA002786F8 /* PBXTargetDependency */,
			);
			name = ZiheChatUITests;
			productName = ZiheChatUITests;
			productReference = B9F2CA3723F0ECDA002786F8 /* ZiheChatUITests.xctest */;
			productType = "com.apple.product-type.bundle.ui-testing";
		};
/* End PBXNativeTarget section */

/* Begin PBXProject section */
		B9F2CA0B23F0ECD8002786F8 /* Project object */ = {
			isa = PBXProject;
			attributes = {
				LastSwiftUpdateCheck = 1130;
				LastUpgradeCheck = 1130;
				ORGANIZATIONNAME = "安子和";
				TargetAttributes = {
					B9F2CA1223F0ECD8002786F8 = {
						CreatedOnToolsVersion = 11.3.1;
						LastSwiftMigration = 1130;
					};
					B9F2CA2B23F0ECDA002786F8 = {
						CreatedOnToolsVersion = 11.3.1;
						LastSwiftMigration = 1130;
						TestTargetID = B9F2CA1223F0ECD8002786F8;
					};
					B9F2CA3623F0ECDA002786F8 = {
						CreatedOnToolsVersion = 11.3.1;
						LastSwiftMigration = 1130;
						TestTargetID = B9F2CA1223F0ECD8002786F8;
					};
				};
			};
			buildConfigurationList = B9F2CA0E23F0ECD8002786F8 /* Build configuration list for PBXProject "ZiheChat" */;
			compatibilityVersion = "Xcode 9.3";
			developmentRegion = en;
			hasScannedForEncodings = 0;
			knownRegions = (
				en,
				Base,
			);
			mainGroup = B9F2CA0A23F0ECD8002786F8;
			productRefGroup = B9F2CA1423F0ECD8002786F8 /* Products */;
			projectDirPath = "";
			projectRoot = "";
			targets = (
				B9F2CA1223F0ECD8002786F8 /* ZiheChat */,
				B9F2CA2B23F0ECDA002786F8 /* ZiheChatTests */,
				B9F2CA3623F0ECDA002786F8 /* ZiheChatUITests */,
			);
		};
/* End PBXProject section */

/* Begin PBXResourcesBuildPhase section */
		B9F2CA1123F0ECD8002786F8 /* Resources */ = {
			isa = PBXResourcesBuildPhase;
			buildActionMask = 2147483647;
			files = (
				B9F2CA2623F0ECD9002786F8 /* LaunchScreen.storyboard in Resources */,
				B9F2CA2323F0ECD9002786F8 /* Assets.xcassets in Resources */,
				B977FE3B23F154CC00DA8FAE /* CustomTableViewCell.xib in Resources */,
				B9F2CA1E23F0ECD8002786F8 /* Main.storyboard in Resources */,
			);
			runOnlyForDeploymentPostprocessing = 0;
		};
		B9F2CA2A23F0ECDA002786F8 /* Resources */ = {
			isa = PBXResourcesBuildPhase;
			buildActionMask = 2147483647;
			files = (
				B977FE3C23F154CC00DA8FAE /* CustomTableViewCell.xib in Resources */,
			);
			runOnlyForDeploymentPostprocessing = 0;
		};
		B9F2CA3523F0ECDA002786F8 /* Resources */ = {
			isa = PBXResourcesBuildPhase;
			buildActionMask = 2147483647;
			files = (
				B977FE3D23F154CC00DA8FAE /* CustomTableViewCell.xib in Resources */,
			);
			runOnlyForDeploymentPostprocessing = 0;
		};
/* End PBXResourcesBuildPhase section */

/* Begin PBXShellScriptBuildPhase section */
		29CEC8064841D86B36C8F1C9 /* [CP] Embed Pods Frameworks */ = {
			isa = PBXShellScriptBuildPhase;
			buildActionMask = 2147483647;
			files = (
			);
			inputFileListPaths = (
				"${PODS_ROOT}/Target Support Files/Pods-ZiheChat/Pods-ZiheChat-frameworks-${CONFIGURATION}-input-files.xcfilelist",
			);
			name = "[CP] Embed Pods Frameworks";
			outputFileListPaths = (
				"${PODS_ROOT}/Target Support Files/Pods-ZiheChat/Pods-ZiheChat-frameworks-${CONFIGURATION}-output-files.xcfilelist",
			);
			runOnlyForDeploymentPostprocessing = 0;
			shellPath = /bin/sh;
			shellScript = "\"${PODS_ROOT}/Target Support Files/Pods-ZiheChat/Pods-ZiheChat-frameworks.sh\"\n";
			showEnvVarsInLog = 0;
		};
		343397150C11F5C8A8750301 /* [CP] Embed Pods Frameworks */ = {
			isa = PBXShellScriptBuildPhase;
			buildActionMask = 2147483647;
			files = (
			);
			inputFileListPaths = (
				"${PODS_ROOT}/Target Support Files/Pods-ZiheChat-ZiheChatUITests/Pods-ZiheChat-ZiheChatUITests-frameworks-${CONFIGURATION}-input-files.xcfilelist",
			);
			name = "[CP] Embed Pods Frameworks";
			outputFileListPaths = (
				"${PODS_ROOT}/Target Support Files/Pods-ZiheChat-ZiheChatUITests/Pods-ZiheChat-ZiheChatUITests-frameworks-${CONFIGURATION}-output-files.xcfilelist",
			);
			runOnlyForDeploymentPostprocessing = 0;
			shellPath = /bin/sh;
			shellScript = "\"${PODS_ROOT}/Target Support Files/Pods-ZiheChat-ZiheChatUITests/Pods-ZiheChat-ZiheChatUITests-frameworks.sh\"\n";
			showEnvVarsInLog = 0;
		};
		3B7B96D4171EDB4CB2D9552F /* [CP] Check Pods Manifest.lock */ = {
			isa = PBXShellScriptBuildPhase;
			buildActionMask = 2147483647;
			files = (
			);
			inputFileListPaths = (
			);
			inputPaths = (
				"${PODS_PODFILE_DIR_PATH}/Podfile.lock",
				"${PODS_ROOT}/Manifest.lock",
			);
			name = "[CP] Check Pods Manifest.lock";
			outputFileListPaths = (
			);
			outputPaths = (
				"$(DERIVED_FILE_DIR)/Pods-ZiheChatTests-checkManifestLockResult.txt",
			);
			runOnlyForDeploymentPostprocessing = 0;
			shellPath = /bin/sh;
			shellScript = "diff \"${PODS_PODFILE_DIR_PATH}/Podfile.lock\" \"${PODS_ROOT}/Manifest.lock\" > /dev/null\nif [ $? != 0 ] ; then\n    # print error to STDERR\n    echo \"error: The sandbox is not in sync with the Podfile.lock. Run 'pod install' or update your CocoaPods installation.\" >&2\n    exit 1\nfi\n# This output is used by Xcode 'outputs' to avoid re-running this script phase.\necho \"SUCCESS\" > \"${SCRIPT_OUTPUT_FILE_0}\"\n";
			showEnvVarsInLog = 0;
		};
		56925F89D416A6E78846B756 /* [CP] Check Pods Manifest.lock */ = {
			isa = PBXShellScriptBuildPhase;
			buildActionMask = 2147483647;
			files = (
			);
			inputFileListPaths = (
			);
			inputPaths = (
				"${PODS_PODFILE_DIR_PATH}/Podfile.lock",
				"${PODS_ROOT}/Manifest.lock",
			);
			name = "[CP] Check Pods Manifest.lock";
			outputFileListPaths = (
			);
			outputPaths = (
				"$(DERIVED_FILE_DIR)/Pods-ZiheChat-checkManifestLockResult.txt",
			);
			runOnlyForDeploymentPostprocessing = 0;
			shellPath = /bin/sh;
			shellScript = "diff \"${PODS_PODFILE_DIR_PATH}/Podfile.lock\" \"${PODS_ROOT}/Manifest.lock\" > /dev/null\nif [ $? != 0 ] ; then\n    # print error to STDERR\n    echo \"error: The sandbox is not in sync with the Podfile.lock. Run 'pod install' or update your CocoaPods installation.\" >&2\n    exit 1\nfi\n# This output is used by Xcode 'outputs' to avoid re-running this script phase.\necho \"SUCCESS\" > \"${SCRIPT_OUTPUT_FILE_0}\"\n";
			showEnvVarsInLog = 0;
		};
		C734E25BEDD343F9C51AD0D7 /* [CP] Check Pods Manifest.lock */ = {
			isa = PBXShellScriptBuildPhase;
			buildActionMask = 2147483647;
			files = (
			);
			inputFileListPaths = (
			);
			inputPaths = (
				"${PODS_PODFILE_DIR_PATH}/Podfile.lock",
				"${PODS_ROOT}/Manifest.lock",
			);
			name = "[CP] Check Pods Manifest.lock";
			outputFileListPaths = (
			);
			outputPaths = (
				"$(DERIVED_FILE_DIR)/Pods-ZiheChat-ZiheChatUITests-checkManifestLockResult.txt",
			);
			runOnlyForDeploymentPostprocessing = 0;
			shellPath = /bin/sh;
			shellScript = "diff \"${PODS_PODFILE_DIR_PATH}/Podfile.lock\" \"${PODS_ROOT}/Manifest.lock\" > /dev/null\nif [ $? != 0 ] ; then\n    # print error to STDERR\n    echo \"error: The sandbox is not in sync with the Podfile.lock. Run 'pod install' or update your CocoaPods installation.\" >&2\n    exit 1\nfi\n# This output is used by Xcode 'outputs' to avoid re-running this script phase.\necho \"SUCCESS\" > \"${SCRIPT_OUTPUT_FILE_0}\"\n";
			showEnvVarsInLog = 0;
		};
/* End PBXShellScriptBuildPhase section */

/* Begin PBXSourcesBuildPhase section */
		B9F2CA0F23F0ECD8002786F8 /* Sources */ = {
			isa = PBXSourcesBuildPhase;
			buildActionMask = 2147483647;
			files = (
				B977FE4323F15D0C00DA8FAE /* SignInViewController.swift in Sources */,
				B9C375F423F403F90027882E /* extention.swift in Sources */,
				B977FE3823F154CC00DA8FAE /* CustomTableViewCell.swift in Sources */,
				B977FE4723F15DA400DA8FAE /* SignUpViewController.swift in Sources */,
				B9F2CA1B23F0ECD8002786F8 /* ViewController.swift in Sources */,
				B9F2CA1723F0ECD8002786F8 /* AppDelegate.swift in Sources */,
				B977FE3223F1549300DA8FAE /* Message.swift in Sources */,
				B9C375F023F3EF270027882E /* Configuration.swift in Sources */,
				B977FE4B23F15DD300DA8FAE /* ChatViewController.swift in Sources */,
				B9F2CA1923F0ECD8002786F8 /* SceneDelegate.swift in Sources */,
				B9C375EC23F3EDD90027882E /* Client.swift in Sources */,
			);
			runOnlyForDeploymentPostprocessing = 0;
		};
		B9F2CA2823F0ECDA002786F8 /* Sources */ = {
			isa = PBXSourcesBuildPhase;
			buildActionMask = 2147483647;
			files = (
				B977FE4423F15D0C00DA8FAE /* SignInViewController.swift in Sources */,
				B9C375F523F403F90027882E /* extention.swift in Sources */,
				B9C375ED23F3EDD90027882E /* Client.swift in Sources */,
				B977FE3923F154CC00DA8FAE /* CustomTableViewCell.swift in Sources */,
				B977FE3323F1549300DA8FAE /* Message.swift in Sources */,
				B9F2CA3123F0ECDA002786F8 /* ZiheChatTests.swift in Sources */,
				B977FE4C23F15DD300DA8FAE /* ChatViewController.swift in Sources */,
				B9C375F123F3EF270027882E /* Configuration.swift in Sources */,
				B977FE4823F15DA400DA8FAE /* SignUpViewController.swift in Sources */,
			);
			runOnlyForDeploymentPostprocessing = 0;
		};
		B9F2CA3323F0ECDA002786F8 /* Sources */ = {
			isa = PBXSourcesBuildPhase;
			buildActionMask = 2147483647;
			files = (
				B977FE4523F15D0C00DA8FAE /* SignInViewController.swift in Sources */,
				B9C375F623F403F90027882E /* extention.swift in Sources */,
				B9C375EE23F3EDD90027882E /* Client.swift in Sources */,
				B977FE3A23F154CC00DA8FAE /* CustomTableViewCell.swift in Sources */,
				B977FE3423F1549300DA8FAE /* Message.swift in Sources */,
				B9F2CA3C23F0ECDA002786F8 /* ZiheChatUITests.swift in Sources */,
				B977FE4D23F15DD300DA8FAE /* ChatViewController.swift in Sources */,
				B9C375F223F3EF270027882E /* Configuration.swift in Sources */,
				B977FE4923F15DA400DA8FAE /* SignUpViewController.swift in Sources */,
			);
			runOnlyForDeploymentPostprocessing = 0;
		};
/* End PBXSourcesBuildPhase section */

/* Begin PBXTargetDependency section */
		B9F2CA2E23F0ECDA002786F8 /* PBXTargetDependency */ = {
			isa = PBXTargetDependency;
			target = B9F2CA1223F0ECD8002786F8 /* ZiheChat */;
			targetProxy = B9F2CA2D23F0ECDA002786F8 /* PBXContainerItemProxy */;
		};
		B9F2CA3923F0ECDA002786F8 /* PBXTargetDependency */ = {
			isa = PBXTargetDependency;
			target = B9F2CA1223F0ECD8002786F8 /* ZiheChat */;
			targetProxy = B9F2CA3823F0ECDA002786F8 /* PBXContainerItemProxy */;
		};
/* End PBXTargetDependency section */

/* Begin PBXVariantGroup section */
		B9F2CA1C23F0ECD8002786F8 /* Main.storyboard */ = {
			isa = PBXVariantGroup;
			children = (
				B9F2CA1D23F0ECD8002786F8 /* Base */,
			);
			name = Main.storyboard;
			sourceTree = "<group>";
		};
		B9F2CA2423F0ECD9002786F8 /* LaunchScreen.storyboard */ = {
			isa = PBXVariantGroup;
			children = (
				B9F2CA2523F0ECD9002786F8 /* Base */,
			);
			name = LaunchScreen.storyboard;
			sourceTree = "<group>";
		};
/* End PBXVariantGroup section */

/* Begin XCBuildConfiguration section */
		B9F2CA3E23F0ECDA002786F8 /* Debug */ = {
			isa = XCBuildConfiguration;
			buildSettings = {
				ALWAYS_SEARCH_USER_PATHS = NO;
				CLANG_ANALYZER_NONNULL = YES;
				CLANG_ANALYZER_NUMBER_OBJECT_CONVERSION = YES_AGGRESSIVE;
				CLANG_CXX_LANGUAGE_STANDARD = "gnu++14";
				CLANG_CXX_LIBRARY = "libc++";
				CLANG_ENABLE_MODULES = YES;
				CLANG_ENABLE_OBJC_ARC = YES;
				CLANG_ENABLE_OBJC_WEAK = YES;
				CLANG_WARN_BLOCK_CAPTURE_AUTORELEASING = YES;
				CLANG_WARN_BOOL_CONVERSION = YES;
				CLANG_WARN_COMMA = YES;
				CLANG_WARN_CONSTANT_CONVERSION = YES;
				CLANG_WARN_DEPRECATED_OBJC_IMPLEMENTATIONS = YES;
				CLANG_WARN_DIRECT_OBJC_ISA_USAGE = YES_ERROR;
				CLANG_WARN_DOCUMENTATION_COMMENTS = YES;
				CLANG_WARN_EMPTY_BODY = YES;
				CLANG_WARN_ENUM_CONVERSION = YES;
				CLANG_WARN_INFINITE_RECURSION = YES;
				CLANG_WARN_INT_CONVERSION = YES;
				CLANG_WARN_NON_LITERAL_NULL_CONVERSION = YES;
				CLANG_WARN_OBJC_IMPLICIT_RETAIN_SELF = YES;
				CLANG_WARN_OBJC_LITERAL_CONVERSION = YES;
				CLANG_WARN_OBJC_ROOT_CLASS = YES_ERROR;
				CLANG_WARN_RANGE_LOOP_ANALYSIS = YES;
				CLANG_WARN_STRICT_PROTOTYPES = YES;
				CLANG_WARN_SUSPICIOUS_MOVE = YES;
				CLANG_WARN_UNGUARDED_AVAILABILITY = YES_AGGRESSIVE;
				CLANG_WARN_UNREACHABLE_CODE = YES;
				CLANG_WARN__DUPLICATE_METHOD_MATCH = YES;
				COPY_PHASE_STRIP = NO;
				DEBUG_INFORMATION_FORMAT = dwarf;
				ENABLE_STRICT_OBJC_MSGSEND = YES;
				ENABLE_TESTABILITY = YES;
				GCC_C_LANGUAGE_STANDARD = gnu11;
				GCC_DYNAMIC_NO_PIC = NO;
				GCC_NO_COMMON_BLOCKS = YES;
				GCC_OPTIMIZATION_LEVEL = 0;
				GCC_PREPROCESSOR_DEFINITIONS = (
					"DEBUG=1",
					"$(inherited)",
				);
				GCC_WARN_64_TO_32_BIT_CONVERSION = YES;
				GCC_WARN_ABOUT_RETURN_TYPE = YES_ERROR;
				GCC_WARN_UNDECLARED_SELECTOR = YES;
				GCC_WARN_UNINITIALIZED_AUTOS = YES_AGGRESSIVE;
				GCC_WARN_UNUSED_FUNCTION = YES;
				GCC_WARN_UNUSED_VARIABLE = YES;
				IPHONEOS_DEPLOYMENT_TARGET = 13.2;
				MTL_ENABLE_DEBUG_INFO = INCLUDE_SOURCE;
				MTL_FAST_MATH = YES;
				ONLY_ACTIVE_ARCH = YES;
				SDKROOT = iphoneos;
				SWIFT_ACTIVE_COMPILATION_CONDITIONS = DEBUG;
				SWIFT_OPTIMIZATION_LEVEL = "-Onone";
			};
			name = Debug;
		};
		B9F2CA3F23F0ECDA002786F8 /* Release */ = {
			isa = XCBuildConfiguration;
			buildSettings = {
				ALWAYS_SEARCH_USER_PATHS = NO;
				CLANG_ANALYZER_NONNULL = YES;
				CLANG_ANALYZER_NUMBER_OBJECT_CONVERSION = YES_AGGRESSIVE;
				CLANG_CXX_LANGUAGE_STANDARD = "gnu++14";
				CLANG_CXX_LIBRARY = "libc++";
				CLANG_ENABLE_MODULES = YES;
				CLANG_ENABLE_OBJC_ARC = YES;
				CLANG_ENABLE_OBJC_WEAK = YES;
				CLANG_WARN_BLOCK_CAPTURE_AUTORELEASING = YES;
				CLANG_WARN_BOOL_CONVERSION = YES;
				CLANG_WARN_COMMA = YES;
				CLANG_WARN_CONSTANT_CONVERSION = YES;
				CLANG_WARN_DEPRECATED_OBJC_IMPLEMENTATIONS = YES;
				CLANG_WARN_DIRECT_OBJC_ISA_USAGE = YES_ERROR;
				CLANG_WARN_DOCUMENTATION_COMMENTS = YES;
				CLANG_WARN_EMPTY_BODY = YES;
				CLANG_WARN_ENUM_CONVERSION = YES;
				CLANG_WARN_INFINITE_RECURSION = YES;
				CLANG_WARN_INT_CONVERSION = YES;
				CLANG_WARN_NON_LITERAL_NULL_CONVERSION = YES;
				CLANG_WARN_OBJC_IMPLICIT_RETAIN_SELF = YES;
				CLANG_WARN_OBJC_LITERAL_CONVERSION = YES;
				CLANG_WARN_OBJC_ROOT_CLASS = YES_ERROR;
				CLANG_WARN_RANGE_LOOP_ANALYSIS = YES;
				CLANG_WARN_STRICT_PROTOTYPES = YES;
				CLANG_WARN_SUSPICIOUS_MOVE = YES;
				CLANG_WARN_UNGUARDED_AVAILABILITY = YES_AGGRESSIVE;
				CLANG_WARN_UNREACHABLE_CODE = YES;
				CLANG_WARN__DUPLICATE_METHOD_MATCH = YES;
				COPY_PHASE_STRIP = NO;
				DEBUG_INFORMATION_FORMAT = "dwarf-with-dsym";
				ENABLE_NS_ASSERTIONS = NO;
				ENABLE_STRICT_OBJC_MSGSEND = YES;
				GCC_C_LANGUAGE_STANDARD = gnu11;
				GCC_NO_COMMON_BLOCKS = YES;
				GCC_WARN_64_TO_32_BIT_CONVERSION = YES;
				GCC_WARN_ABOUT_RETURN_TYPE = YES_ERROR;
				GCC_WARN_UNDECLARED_SELECTOR = YES;
				GCC_WARN_UNINITIALIZED_AUTOS = YES_AGGRESSIVE;
				GCC_WARN_UNUSED_FUNCTION = YES;
				GCC_WARN_UNUSED_VARIABLE = YES;
				IPHONEOS_DEPLOYMENT_TARGET = 13.2;
				MTL_ENABLE_DEBUG_INFO = NO;
				MTL_FAST_MATH = YES;
				SDKROOT = iphoneos;
				SWIFT_COMPILATION_MODE = wholemodule;
				SWIFT_OPTIMIZATION_LEVEL = "-O";
				VALIDATE_PRODUCT = YES;
			};
			name = Release;
		};
		B9F2CA4123F0ECDA002786F8 /* Debug */ = {
			isa = XCBuildConfiguration;
			baseConfigurationReference = 11C6FA36C0795FBD94D259D7 /* Pods-ZiheChat.debug.xcconfig */;
			buildSettings = {
				ASSETCATALOG_COMPILER_APPICON_NAME = AppIcon;
				CLANG_ENABLE_MODULES = YES;
				CODE_SIGN_STYLE = Automatic;
				DEVELOPMENT_TEAM = GM3FDHAM9P;
				INFOPLIST_FILE = ZiheChat/Info.plist;
				LD_RUNPATH_SEARCH_PATHS = (
					"$(inherited)",
					"@executable_path/Frameworks",
				);
				PRODUCT_BUNDLE_IDENTIFIER = com.wangyan.ZiheChat;
				PRODUCT_NAME = "$(TARGET_NAME)";
				SWIFT_OBJC_BRIDGING_HEADER = "ZiheChat/Controller/ZiheChat-bridging-Header.h";
				SWIFT_OPTIMIZATION_LEVEL = "-Onone";
				SWIFT_VERSION = 5.0;
				TARGETED_DEVICE_FAMILY = "1,2";
			};
			name = Debug;
		};
		B9F2CA4223F0ECDA002786F8 /* Release */ = {
			isa = XCBuildConfiguration;
			baseConfigurationReference = D90B7079CD1503786213A6DF /* Pods-ZiheChat.release.xcconfig */;
			buildSettings = {
				ASSETCATALOG_COMPILER_APPICON_NAME = AppIcon;
				CLANG_ENABLE_MODULES = YES;
				CODE_SIGN_STYLE = Automatic;
				DEVELOPMENT_TEAM = GM3FDHAM9P;
				INFOPLIST_FILE = ZiheChat/Info.plist;
				LD_RUNPATH_SEARCH_PATHS = (
					"$(inherited)",
					"@executable_path/Frameworks",
				);
				PRODUCT_BUNDLE_IDENTIFIER = com.wangyan.ZiheChat;
				PRODUCT_NAME = "$(TARGET_NAME)";
				SWIFT_OBJC_BRIDGING_HEADER = "ZiheChat/Controller/ZiheChat-bridging-Header.h";
				SWIFT_VERSION = 5.0;
				TARGETED_DEVICE_FAMILY = "1,2";
			};
			name = Release;
		};
		B9F2CA4423F0ECDA002786F8 /* Debug */ = {
			isa = XCBuildConfiguration;
			baseConfigurationReference = 55EB2DF6B438B9F2FFC746C5 /* Pods-ZiheChatTests.debug.xcconfig */;
			buildSettings = {
				ALWAYS_EMBED_SWIFT_STANDARD_LIBRARIES = YES;
				BUNDLE_LOADER = "$(TEST_HOST)";
				CLANG_ENABLE_MODULES = YES;
				CODE_SIGN_STYLE = Automatic;
				DEVELOPMENT_TEAM = GM3FDHAM9P;
				INFOPLIST_FILE = ZiheChatTests/Info.plist;
				IPHONEOS_DEPLOYMENT_TARGET = 13.2;
				LD_RUNPATH_SEARCH_PATHS = (
					"$(inherited)",
					"@executable_path/Frameworks",
					"@loader_path/Frameworks",
				);
				PRODUCT_BUNDLE_IDENTIFIER = com.wangyan.ZiheChatTests;
				PRODUCT_NAME = "$(TARGET_NAME)";
				SWIFT_OBJC_BRIDGING_HEADER = "ZiheChat/ZiheChatTests-Bridging-Header.h";
				SWIFT_OPTIMIZATION_LEVEL = "-Onone";
				SWIFT_VERSION = 5.0;
				TARGETED_DEVICE_FAMILY = "1,2";
				TEST_HOST = "$(BUILT_PRODUCTS_DIR)/ZiheChat.app/ZiheChat";
			};
			name = Debug;
		};
		B9F2CA4523F0ECDA002786F8 /* Release */ = {
			isa = XCBuildConfiguration;
			baseConfigurationReference = 9F096C26E3D7373029B89BAB /* Pods-ZiheChatTests.release.xcconfig */;
			buildSettings = {
				ALWAYS_EMBED_SWIFT_STANDARD_LIBRARIES = YES;
				BUNDLE_LOADER = "$(TEST_HOST)";
				CLANG_ENABLE_MODULES = YES;
				CODE_SIGN_STYLE = Automatic;
				DEVELOPMENT_TEAM = GM3FDHAM9P;
				INFOPLIST_FILE = ZiheChatTests/Info.plist;
				IPHONEOS_DEPLOYMENT_TARGET = 13.2;
				LD_RUNPATH_SEARCH_PATHS = (
					"$(inherited)",
					"@executable_path/Frameworks",
					"@loader_path/Frameworks",
				);
				PRODUCT_BUNDLE_IDENTIFIER = com.wangyan.ZiheChatTests;
				PRODUCT_NAME = "$(TARGET_NAME)";
				SWIFT_OBJC_BRIDGING_HEADER = "ZiheChat/ZiheChatTests-Bridging-Header.h";
				SWIFT_VERSION = 5.0;
				TARGETED_DEVICE_FAMILY = "1,2";
				TEST_HOST = "$(BUILT_PRODUCTS_DIR)/ZiheChat.app/ZiheChat";
			};
			name = Release;
		};
		B9F2CA4723F0ECDA002786F8 /* Debug */ = {
			isa = XCBuildConfiguration;
			baseConfigurationReference = 91DFA41FA0EE3F09A3357B9F /* Pods-ZiheChat-ZiheChatUITests.debug.xcconfig */;
			buildSettings = {
				ALWAYS_EMBED_SWIFT_STANDARD_LIBRARIES = YES;
				CLANG_ENABLE_MODULES = YES;
				CODE_SIGN_STYLE = Automatic;
				DEVELOPMENT_TEAM = GM3FDHAM9P;
				INFOPLIST_FILE = ZiheChatUITests/Info.plist;
				LD_RUNPATH_SEARCH_PATHS = (
					"$(inherited)",
					"@executable_path/Frameworks",
					"@loader_path/Frameworks",
				);
				PRODUCT_BUNDLE_IDENTIFIER = com.wangyan.ZiheChatUITests;
				PRODUCT_NAME = "$(TARGET_NAME)";
				SWIFT_OBJC_BRIDGING_HEADER = "ZiheChat/ZiheChatUITests-Bridging-Header.h";
				SWIFT_OPTIMIZATION_LEVEL = "-Onone";
				SWIFT_VERSION = 5.0;
				TARGETED_DEVICE_FAMILY = "1,2";
				TEST_TARGET_NAME = ZiheChat;
			};
			name = Debug;
		};
		B9F2CA4823F0ECDA002786F8 /* Release */ = {
			isa = XCBuildConfiguration;
			baseConfigurationReference = 80E7508BC14E5EBB4A7574FE /* Pods-ZiheChat-ZiheChatUITests.release.xcconfig */;
			buildSettings = {
				ALWAYS_EMBED_SWIFT_STANDARD_LIBRARIES = YES;
				CLANG_ENABLE_MODULES = YES;
				CODE_SIGN_STYLE = Automatic;
				DEVELOPMENT_TEAM = GM3FDHAM9P;
				INFOPLIST_FILE = ZiheChatUITests/Info.plist;
				LD_RUNPATH_SEARCH_PATHS = (
					"$(inherited)",
					"@executable_path/Frameworks",
					"@loader_path/Frameworks",
				);
				PRODUCT_BUNDLE_IDENTIFIER = com.wangyan.ZiheChatUITests;
				PRODUCT_NAME = "$(TARGET_NAME)";
				SWIFT_OBJC_BRIDGING_HEADER = "ZiheChat/ZiheChatUITests-Bridging-Header.h";
				SWIFT_VERSION = 5.0;
				TARGETED_DEVICE_FAMILY = "1,2";
				TEST_TARGET_NAME = ZiheChat;
			};
			name = Release;
		};
/* End XCBuildConfiguration section */

/* Begin XCConfigurationList section */
		B9F2CA0E23F0ECD8002786F8 /* Build configuration list for PBXProject "ZiheChat" */ = {
			isa = XCConfigurationList;
			buildConfigurations = (
				B9F2CA3E23F0ECDA002786F8 /* Debug */,
				B9F2CA3F23F0ECDA002786F8 /* Release */,
			);
			defaultConfigurationIsVisible = 0;
			defaultConfigurationName = Release;
		};
		B9F2CA4023F0ECDA002786F8 /* Build configuration list for PBXNativeTarget "ZiheChat" */ = {
			isa = XCConfigurationList;
			buildConfigurations = (
				B9F2CA4123F0ECDA002786F8 /* Debug */,
				B9F2CA4223F0ECDA002786F8 /* Release */,
			);
			defaultConfigurationIsVisible = 0;
			defaultConfigurationName = Release;
		};
		B9F2CA4323F0ECDA002786F8 /* Build configuration list for PBXNativeTarget "ZiheChatTests" */ = {
			isa = XCConfigurationList;
			buildConfigurations = (
				B9F2CA4423F0ECDA002786F8 /* Debug */,
				B9F2CA4523F0ECDA002786F8 /* Release */,
			);
			defaultConfigurationIsVisible = 0;
			defaultConfigurationName = Release;
		};
		B9F2CA4623F0ECDA002786F8 /* Build configuration list for PBXNativeTarget "ZiheChatUITests" */ = {
			isa = XCConfigurationList;
			buildConfigurations = (
				B9F2CA4723F0ECDA002786F8 /* Debug */,
				B9F2CA4823F0ECDA002786F8 /* Release */,
			);
			defaultConfigurationIsVisible = 0;
			defaultConfigurationName = Release;
		};
/* End XCConfigurationList section */
	};
	rootObject = B9F2CA0B23F0ECD8002786F8 /* Project object */;
}
