// !$*UTF8*$!
{
	archiveVersion = 1;
	classes = {
	};
	objectVersion = 50;
	objects = {

/* Begin PBXBuildFile section */
		B9F2CA1723F0ECD8002786F8 /* AppDelegate.swift in Sources */ = {isa = PBXBuildFile; fileRef = B9F2CA1623F0ECD8002786F8 /* AppDelegate.swift */; };
		B9F2CA1923F0ECD8002786F8 /* SceneDelegate.swift in Sources */ = {isa = PBXBuildFile; fileRef = B9F2CA1823F0ECD8002786F8 /* SceneDelegate.swift */; };
		B9F2CA1B23F0ECD8002786F8 /* ViewController.swift in Sources */ = {isa = PBXBuildFile; fileRef = B9F2CA1A23F0ECD8002786F8 /* ViewController.swift */; };
		B9F2CA1E23F0ECD8002786F8 /* Main.storyboard in Resources */ = {isa = PBXBuildFile; fileRef = B9F2CA1C23F0ECD8002786F8 /* Main.storyboard */; };
		B9F2CA2123F0ECD8002786F8 /* ZiheChat.xcdatamodeld in Sources */ = {isa = PBXBuildFile; fileRef = B9F2CA1F23F0ECD8002786F8 /* ZiheChat.xcdatamodeld */; };
		B9F2CA2323F0ECD9002786F8 /* Assets.xcassets in Resources */ = {isa = PBXBuildFile; fileRef = B9F2CA2223F0ECD9002786F8 /* Assets.xcassets */; };
		B9F2CA2623F0ECD9002786F8 /* LaunchScreen.storyboard in Resources */ = {isa = PBXBuildFile; fileRef = B9F2CA2423F0ECD9002786F8 /* LaunchScreen.storyboard */; };
		B9F2CA3123F0ECDA002786F8 /* ZiheChatTests.swift in Sources */ = {isa = PBXBuildFile; fileRef = B9F2CA3023F0ECDA002786F8 /* ZiheChatTests.swift */; };
		B9F2CA3C23F0ECDA002786F8 /* ZiheChatUITests.swift in Sources */ = {isa = PBXBuildFile; fileRef = B9F2CA3B23F0ECDA002786F8 /* ZiheChatUITests.swift */; };
/* End PBXBuildFile section */

/* Begin PBXContainerItemProxy section */
		B9F2CA2D23F0ECDA002786F8 /* PBXContainerItemProxy */ = {
			isa = PBXContainerItemProxy;
			containerPortal = B9F2CA0B23F0ECD8002786F8 /* Project object */;
			proxyType = 1;
			remoteGlobalIDString = B9F2CA1223F0ECD8002786F8;
			remoteInfo = ZiheChat;
		};
		B9F2CA3823F0ECDA002786F8 /* PBXContainerItemProxy */ = {
			isa = PBXContainerItemProxy;
			containerPortal = B9F2CA0B23F0ECD8002786F8 /* Project object */;
			proxyType = 1;
			remoteGlobalIDString = B9F2CA1223F0ECD8002786F8;
			remoteInfo = ZiheChat;
		};
/* End PBXContainerItemProxy section */

/* Begin PBXFileReference section */
		B9F2CA1323F0ECD8002786F8 /* ZiheChat.app */ = {isa = PBXFileReference; explicitFileType = wrapper.application; includeInIndex = 0; path = ZiheChat.app; sourceTree = BUILT_PRODUCTS_DIR; };
		B9F2CA1623F0ECD8002786F8 /* AppDelegate.swift */ = {isa = PBXFileReference; lastKnownFileType = sourcecode.swift; path = AppDelegate.swift; sourceTree = "<group>"; };
		B9F2CA1823F0ECD8002786F8 /* SceneDelegate.swift */ = {isa = PBXFileReference; lastKnownFileType = sourcecode.swift; path = SceneDelegate.swift; sourceTree = "<group>"; };
		B9F2CA1A23F0ECD8002786F8 /* ViewController.swift */ = {isa = PBXFileReference; lastKnownFileType = sourcecode.swift; path = ViewController.swift; sourceTree = "<group>"; };
		B9F2CA1D23F0ECD8002786F8 /* Base */ = {isa = PBXFileReference; lastKnownFileType = file.storyboard; name = Base; path = Base.lproj/Main.storyboard; sourceTree = "<group>"; };
		B9F2CA2023F0ECD8002786F8 /* ZiheChat.xcdatamodel */ = {isa = PBXFileReference; lastKnownFileType = wrapper.xcdatamodel; path = ZiheChat.xcdatamodel; sourceTree = "<group>"; };
		B9F2CA2223F0ECD9002786F8 /* Assets.xcassets */ = {isa = PBXFileReference; lastKnownFileType = folder.assetcatalog; path = Assets.xcassets; sourceTree = "<group>"; };
		B9F2CA2523F0ECD9002786F8 /* Base */ = {isa = PBXFileReference; lastKnownFileType = file.storyboard; name = Base; path = Base.lproj/LaunchScreen.storyboard; sourceTree = "<group>"; };
		B9F2CA2723F0ECD9002786F8 /* Info.plist */ = {isa = PBXFileReference; lastKnownFileType = text.plist.xml; path = Info.plist; sourceTree = "<group>"; };
		B9F2CA2C23F0ECDA002786F8 /* ZiheChatTests.xctest */ = {isa = PBXFileReference; explicitFileType = wrapper.cfbundle; includeInIndex = 0; path = ZiheChatTests.xctest; sourceTree = BUILT_PRODUCTS_DIR; };
		B9F2CA3023F0ECDA002786F8 /* ZiheChatTests.swift */ = {isa = PBXFileReference; lastKnownFileType = sourcecode.swift; path = ZiheChatTests.swift; sourceTree = "<group>"; };
		B9F2CA3223F0ECDA002786F8 /* Info.plist */ = {isa = PBXFileReference; lastKnownFileType = text.plist.xml; path = Info.plist; sourceTree = "<group>"; };
		B9F2CA3723F0ECDA002786F8 /* ZiheChatUITests.xctest */ = {isa = PBXFileReference; explicitFileType = wrapper.cfbundle; includeInIndex = 0; path = ZiheChatUITests.xctest; sourceTree = BUILT_PRODUCTS_DIR; };
		B9F2CA3B23F0ECDA002786F8 /* ZiheChatUITests.swift */ = {isa = PBXFileReference; lastKnownFileType = sourcecode.swift; path = ZiheChatUITests.swift; sourceTree = "<group>"; };
		B9F2CA3D23F0ECDA002786F8 /* Info.plist */ = {isa = PBXFileReference; lastKnownFileType = text.plist.xml; path = Info.plist; sourceTree = "<group>"; };
/* End PBXFileReference section */

/* Begin PBXFrameworksBuildPhase section */
		B9F2CA1023F0ECD8002786F8 /* Frameworks */ = {
			isa = PBXFrameworksBuildPhase;
			buildActionMask = 2147483647;
			files = (
			);
			runOnlyForDeploymentPostprocessing = 0;
		};
		B9F2CA2923F0ECDA002786F8 /* Frameworks */ = {
			isa = PBXFrameworksBuildPhase;
			buildActionMask = 2147483647;
			files = (
			);
			runOnlyForDeploymentPostprocessing = 0;
		};
		B9F2CA3423F0ECDA002786F8 /* Frameworks */ = {
			isa = PBXFrameworksBuildPhase;
			buildActionMask = 2147483647;
			files = (
			);
			runOnlyForDeploymentPostprocessing = 0;
		};
/* End PBXFrameworksBuildPhase section */

/* Begin PBXGroup section */
		B9F2CA0A23F0ECD8002786F8 = {
			isa = PBXGroup;
			children = (
				B9F2CA1523F0ECD8002786F8 /* ZiheChat */,
				B9F2CA2F23F0ECDA002786F8 /* ZiheChatTests */,
				B9F2CA3A23F0ECDA002786F8 /* ZiheChatUITests */,
				B9F2CA1423F0ECD8002786F8 /* Products */,
			);
			sourceTree = "<group>";
		};
		B9F2CA1423F0ECD8002786F8 /* Products */ = {
			isa = PBXGroup;
			children = (
				B9F2CA1323F0ECD8002786F8 /* ZiheChat.app */,
				B9F2CA2C23F0ECDA002786F8 /* ZiheChatTests.xctest */,
				B9F2CA3723F0ECDA002786F8 /* ZiheChatUITests.xctest */,
			);
			name = Products;
			sourceTree = "<group>";
		};
		B9F2CA1523F0ECD8002786F8 /* ZiheChat */ = {
			isa = PBXGroup;
			children = (
				B9F2CA1623F0ECD8002786F8 /* AppDelegate.swift */,
				B9F2CA1823F0ECD8002786F8 /* SceneDelegate.swift */,
				B9F2CA1A23F0ECD8002786F8 /* ViewController.swift */,
				B9F2CA1C23F0ECD8002786F8 /* Main.storyboard */,
				B9F2CA2223F0ECD9002786F8 /* Assets.xcassets */,
				B9F2CA2423F0ECD9002786F8 /* LaunchScreen.storyboard */,
				B9F2CA2723F0ECD9002786F8 /* Info.plist */,
				B9F2CA1F23F0ECD8002786F8 /* ZiheChat.xcdatamodeld */,
			);
			path = ZiheChat;
			sourceTree = "<group>";
		};
		B9F2CA2F23F0ECDA002786F8 /* ZiheChatTests */ = {
			isa = PBXGroup;
			children = (
				B9F2CA3023F0ECDA002786F8 /* ZiheChatTests.swift */,
				B9F2CA3223F0ECDA002786F8 /* Info.plist */,
			);
			path = ZiheChatTests;
			sourceTree = "<group>";
		};
		B9F2CA3A23F0ECDA002786F8 /* ZiheChatUITests */ = {
			isa = PBXGroup;
			children = (
				B9F2CA3B23F0ECDA002786F8 /* ZiheChatUITests.swift */,
				B9F2CA3D23F0ECDA002786F8 /* Info.plist */,
			);
			path = ZiheChatUITests;
			sourceTree = "<group>";
		};
/* End PBXGroup section */

/* Begin PBXNativeTarget section */
		B9F2CA1223F0ECD8002786F8 /* ZiheChat */ = {
			isa = PBXNativeTarget;
			buildConfigurationList = B9F2CA4023F0ECDA002786F8 /* Build configuration list for PBXNativeTarget "ZiheChat" */;
			buildPhases = (
				B9F2CA0F23F0ECD8002786F8 /* Sources */,
				B9F2CA1023F0ECD8002786F8 /* Frameworks */,
				B9F2CA1123F0ECD8002786F8 /* Resources */,
			);
			buildRules = (
			);
			dependencies = (
			);
			name = ZiheChat;
			productName = ZiheChat;
			productReference = B9F2CA1323F0ECD8002786F8 /* ZiheChat.app */;
			productType = "com.apple.product-type.application";
		};
		B9F2CA2B23F0ECDA002786F8 /* ZiheChatTests */ = {
			isa = PBXNativeTarget;
			buildConfigurationList = B9F2CA4323F0ECDA002786F8 /* Build configuration list for PBXNativeTarget "ZiheChatTests" */;
			buildPhases = (
				B9F2CA2823F0ECDA002786F8 /* Sources */,
				B9F2CA2923F0ECDA002786F8 /* Frameworks */,
				B9F2CA2A23F0ECDA002786F8 /* Resources */,
			);
			buildRules = (
			);
			dependencies = (
				B9F2CA2E23F0ECDA002786F8 /* PBXTargetDependency */,
			);
			name = ZiheChatTests;
			productName = ZiheChatTests;
			productReference = B9F2CA2C23F0ECDA002786F8 /* ZiheChatTests.xctest */;
			productType = "com.apple.product-type.bundle.unit-test";
		};
		B9F2CA3623F0ECDA002786F8 /* ZiheChatUITests */ = {
			isa = PBXNativeTarget;
			buildConfigurationList = B9F2CA4623F0ECDA002786F8 /* Build configuration list for PBXNativeTarget "ZiheChatUITests" */;
			buildPhases = (
				B9F2CA3323F0ECDA002786F8 /* Sources */,
				B9F2CA3423F0ECDA002786F8 /* Frameworks */,
				B9F2CA3523F0ECDA002786F8 /* Resources */,
			);
			buildRules = (
			);
			dependencies = (
				B9F2CA3923F0ECDA002786F8 /* PBXTargetDependency */,
			);
			name = ZiheChatUITests;
			productName = ZiheChatUITests;
			productReference = B9F2CA3723F0ECDA002786F8 /* ZiheChatUITests.xctest */;
			productType = "com.apple.product-type.bundle.ui-testing";
		};
/* End PBXNativeTarget section */

/* Begin PBXProject section */
		B9F2CA0B23F0ECD8002786F8 /* Project object */ = {
			isa = PBXProject;
			attributes = {
				LastSwiftUpdateCheck = 1130;
				LastUpgradeCheck = 1130;
				ORGANIZATIONNAME = "安子和";
				TargetAttributes = {
					B9F2CA1223F0ECD8002786F8 = {
						CreatedOnToolsVersion = 11.3.1;
					};
					B9F2CA2B23F0ECDA002786F8 = {
						CreatedOnToolsVersion = 11.3.1;
						TestTargetID = B9F2CA1223F0ECD8002786F8;
					};
					B9F2CA3623F0ECDA002786F8 = {
						CreatedOnToolsVersion = 11.3.1;
						TestTargetID = B9F2CA1223F0ECD8002786F8;
					};
				};
			};
			buildConfigurationList = B9F2CA0E23F0ECD8002786F8 /* Build configuration list for PBXProject "ZiheChat" */;
			compatibilityVersion = "Xcode 9.3";
			developmentRegion = en;
			hasScannedForEncodings = 0;
			knownRegions = (
				en,
				Base,
			);
			mainGroup = B9F2CA0A23F0ECD8002786F8;
			productRefGroup = B9F2CA1423F0ECD8002786F8 /* Products */;
			projectDirPath = "";
			projectRoot = "";
			targets = (
				B9F2CA1223F0ECD8002786F8 /* ZiheChat */,
				B9F2CA2B23F0ECDA002786F8 /* ZiheChatTests */,
				B9F2CA3623F0ECDA002786F8 /* ZiheChatUITests */,
			);
		};
/* End PBXProject section */

/* Begin PBXResourcesBuildPhase section */
		B9F2CA1123F0ECD8002786F8 /* Resources */ = {
			isa = PBXResourcesBuildPhase;
			buildActionMask = 2147483647;
			files = (
				B9F2CA2623F0ECD9002786F8 /* LaunchScreen.storyboard in Resources */,
				B9F2CA2323F0ECD9002786F8 /* Assets.xcassets in Resources */,
				B9F2CA1E23F0ECD8002786F8 /* Main.storyboard in Resources */,
			);
			runOnlyForDeploymentPostprocessing = 0;
		};
		B9F2CA2A23F0ECDA002786F8 /* Resources */ = {
			isa = PBXResourcesBuildPhase;
			buildActionMask = 2147483647;
			files = (
			);
			runOnlyForDeploymentPostprocessing = 0;
		};
		B9F2CA3523F0ECDA002786F8 /* Resources */ = {
			isa = PBXResourcesBuildPhase;
			buildActionMask = 2147483647;
			files = (
			);
			runOnlyForDeploymentPostprocessing = 0;
		};
/* End PBXResourcesBuildPhase section */

/* Begin PBXSourcesBuildPhase section */
		B9F2CA0F23F0ECD8002786F8 /* Sources */ = {
			isa = PBXSourcesBuildPhase;
			buildActionMask = 2147483647;
			files = (
				B9F2CA1B23F0ECD8002786F8 /* ViewController.swift in Sources */,
				B9F2CA2123F0ECD8002786F8 /* ZiheChat.xcdatamodeld in Sources */,
				B9F2CA1723F0ECD8002786F8 /* AppDelegate.swift in Sources */,
				B9F2CA1923F0ECD8002786F8 /* SceneDelegate.swift in Sources */,
			);
			runOnlyForDeploymentPostprocessing = 0;
		};
		B9F2CA2823F0ECDA002786F8 /* Sources */ = {
			isa = PBXSourcesBuildPhase;
			buildActionMask = 2147483647;
			files = (
				B9F2CA3123F0ECDA002786F8 /* ZiheChatTests.swift in Sources */,
			);
			runOnlyForDeploymentPostprocessing = 0;
		};
		B9F2CA3323F0ECDA002786F8 /* Sources */ = {
			isa = PBXSourcesBuildPhase;
			buildActionMask = 2147483647;
			files = (
				B9F2CA3C23F0ECDA002786F8 /* ZiheChatUITests.swift in Sources */,
			);
			runOnlyForDeploymentPostprocessing = 0;
		};
/* End PBXSourcesBuildPhase section */

/* Begin PBXTargetDependency section */
		B9F2CA2E23F0ECDA002786F8 /* PBXTargetDependency */ = {
			isa = PBXTargetDependency;
			target = B9F2CA1223F0ECD8002786F8 /* ZiheChat */;
			targetProxy = B9F2CA2D23F0ECDA002786F8 /* PBXContainerItemProxy */;
		};
		B9F2CA3923F0ECDA002786F8 /* PBXTargetDependency */ = {
			isa = PBXTargetDependency;
			target = B9F2CA1223F0ECD8002786F8 /* ZiheChat */;
			targetProxy = B9F2CA3823F0ECDA002786F8 /* PBXContainerItemProxy */;
		};
/* End PBXTargetDependency section */

/* Begin PBXVariantGroup section */
		B9F2CA1C23F0ECD8002786F8 /* Main.storyboard */ = {
			isa = PBXVariantGroup;
			children = (
				B9F2CA1D23F0ECD8002786F8 /* Base */,
			);
			name = Main.storyboard;
			sourceTree = "<group>";
		};
		B9F2CA2423F0ECD9002786F8 /* LaunchScreen.storyboard */ = {
			isa = PBXVariantGroup;
			children = (
				B9F2CA2523F0ECD9002786F8 /* Base */,
			);
			name = LaunchScreen.storyboard;
			sourceTree = "<group>";
		};
/* End PBXVariantGroup section */

/* Begin XCBuildConfiguration section */
		B9F2CA3E23F0ECDA002786F8 /* Debug */ = {
			isa = XCBuildConfiguration;
			buildSettings = {
				ALWAYS_SEARCH_USER_PATHS = NO;
				CLANG_ANALYZER_NONNULL = YES;
				CLANG_ANALYZER_NUMBER_OBJECT_CONVERSION = YES_AGGRESSIVE;
				CLANG_CXX_LANGUAGE_STANDARD = "gnu++14";
				CLANG_CXX_LIBRARY = "libc++";
				CLANG_ENABLE_MODULES = YES;
				CLANG_ENABLE_OBJC_ARC = YES;
				CLANG_ENABLE_OBJC_WEAK = YES;
				CLANG_WARN_BLOCK_CAPTURE_AUTORELEASING = YES;
				CLANG_WARN_BOOL_CONVERSION = YES;
				CLANG_WARN_COMMA = YES;
				CLANG_WARN_CONSTANT_CONVERSION = YES;
				CLANG_WARN_DEPRECATED_OBJC_IMPLEMENTATIONS = YES;
				CLANG_WARN_DIRECT_OBJC_ISA_USAGE = YES_ERROR;
				CLANG_WARN_DOCUMENTATION_COMMENTS = YES;
				CLANG_WARN_EMPTY_BODY = YES;
				CLANG_WARN_ENUM_CONVERSION = YES;
				CLANG_WARN_INFINITE_RECURSION = YES;
				CLANG_WARN_INT_CONVERSION = YES;
				CLANG_WARN_NON_LITERAL_NULL_CONVERSION = YES;
				CLANG_WARN_OBJC_IMPLICIT_RETAIN_SELF = YES;
				CLANG_WARN_OBJC_LITERAL_CONVERSION = YES;
				CLANG_WARN_OBJC_ROOT_CLASS = YES_ERROR;
				CLANG_WARN_RANGE_LOOP_ANALYSIS = YES;
				CLANG_WARN_STRICT_PROTOTYPES = YES;
				CLANG_WARN_SUSPICIOUS_MOVE = YES;
				CLANG_WARN_UNGUARDED_AVAILABILITY = YES_AGGRESSIVE;
				CLANG_WARN_UNREACHABLE_CODE = YES;
				CLANG_WARN__DUPLICATE_METHOD_MATCH = YES;
				COPY_PHASE_STRIP = NO;
				DEBUG_INFORMATION_FORMAT = dwarf;
				ENABLE_STRICT_OBJC_MSGSEND = YES;
				ENABLE_TESTABILITY = YES;
				GCC_C_LANGUAGE_STANDARD = gnu11;
				GCC_DYNAMIC_NO_PIC = NO;
				GCC_NO_COMMON_BLOCKS = YES;
				GCC_OPTIMIZATION_LEVEL = 0;
				GCC_PREPROCESSOR_DEFINITIONS = (
					"DEBUG=1",
					"$(inherited)",
				);
				GCC_WARN_64_TO_32_BIT_CONVERSION = YES;
				GCC_WARN_ABOUT_RETURN_TYPE = YES_ERROR;
				GCC_WARN_UNDECLARED_SELECTOR = YES;
				GCC_WARN_UNINITIALIZED_AUTOS = YES_AGGRESSIVE;
				GCC_WARN_UNUSED_FUNCTION = YES;
				GCC_WARN_UNUSED_VARIABLE = YES;
				IPHONEOS_DEPLOYMENT_TARGET = 13.2;
				MTL_ENABLE_DEBUG_INFO = INCLUDE_SOURCE;
				MTL_FAST_MATH = YES;
				ONLY_ACTIVE_ARCH = YES;
				SDKROOT = iphoneos;
				SWIFT_ACTIVE_COMPILATION_CONDITIONS = DEBUG;
				SWIFT_OPTIMIZATION_LEVEL = "-Onone";
			};
			name = Debug;
		};
		B9F2CA3F23F0ECDA002786F8 /* Release */ = {
			isa = XCBuildConfiguration;
			buildSettings = {
				ALWAYS_SEARCH_USER_PATHS = NO;
				CLANG_ANALYZER_NONNULL = YES;
				CLANG_ANALYZER_NUMBER_OBJECT_CONVERSION = YES_AGGRESSIVE;
				CLANG_CXX_LANGUAGE_STANDARD = "gnu++14";
				CLANG_CXX_LIBRARY = "libc++";
				CLANG_ENABLE_MODULES = YES;
				CLANG_ENABLE_OBJC_ARC = YES;
				CLANG_ENABLE_OBJC_WEAK = YES;
				CLANG_WARN_BLOCK_CAPTURE_AUTORELEASING = YES;
				CLANG_WARN_BOOL_CONVERSION = YES;
				CLANG_WARN_COMMA = YES;
				CLANG_WARN_CONSTANT_CONVERSION = YES;
				CLANG_WARN_DEPRECATED_OBJC_IMPLEMENTATIONS = YES;
				CLANG_WARN_DIRECT_OBJC_ISA_USAGE = YES_ERROR;
				CLANG_WARN_DOCUMENTATION_COMMENTS = YES;
				CLANG_WARN_EMPTY_BODY = YES;
				CLANG_WARN_ENUM_CONVERSION = YES;
				CLANG_WARN_INFINITE_RECURSION = YES;
				CLANG_WARN_INT_CONVERSION = YES;
				CLANG_WARN_NON_LITERAL_NULL_CONVERSION = YES;
				CLANG_WARN_OBJC_IMPLICIT_RETAIN_SELF = YES;
				CLANG_WARN_OBJC_LITERAL_CONVERSION = YES;
				CLANG_WARN_OBJC_ROOT_CLASS = YES_ERROR;
				CLANG_WARN_RANGE_LOOP_ANALYSIS = YES;
				CLANG_WARN_STRICT_PROTOTYPES = YES;
				CLANG_WARN_SUSPICIOUS_MOVE = YES;
				CLANG_WARN_UNGUARDED_AVAILABILITY = YES_AGGRESSIVE;
				CLANG_WARN_UNREACHABLE_CODE = YES;
				CLANG_WARN__DUPLICATE_METHOD_MATCH = YES;
				COPY_PHASE_STRIP = NO;
				DEBUG_INFORMATION_FORMAT = "dwarf-with-dsym";
				ENABLE_NS_ASSERTIONS = NO;
				ENABLE_STRICT_OBJC_MSGSEND = YES;
				GCC_C_LANGUAGE_STANDARD = gnu11;
				GCC_NO_COMMON_BLOCKS = YES;
				GCC_WARN_64_TO_32_BIT_CONVERSION = YES;
				GCC_WARN_ABOUT_RETURN_TYPE = YES_ERROR;
				GCC_WARN_UNDECLARED_SELECTOR = YES;
				GCC_WARN_UNINITIALIZED_AUTOS = YES_AGGRESSIVE;
				GCC_WARN_UNUSED_FUNCTION = YES;
				GCC_WARN_UNUSED_VARIABLE = YES;
				IPHONEOS_DEPLOYMENT_TARGET = 13.2;
				MTL_ENABLE_DEBUG_INFO = NO;
				MTL_FAST_MATH = YES;
				SDKROOT = iphoneos;
				SWIFT_COMPILATION_MODE = wholemodule;
				SWIFT_OPTIMIZATION_LEVEL = "-O";
				VALIDATE_PRODUCT = YES;
			};
			name = Release;
		};
		B9F2CA4123F0ECDA002786F8 /* Debug */ = {
			isa = XCBuildConfiguration;
			buildSettings = {
				ASSETCATALOG_COMPILER_APPICON_NAME = AppIcon;
				CODE_SIGN_STYLE = Automatic;
				DEVELOPMENT_TEAM = GM3FDHAM9P;
				INFOPLIST_FILE = ZiheChat/Info.plist;
				LD_RUNPATH_SEARCH_PATHS = (
					"$(inherited)",
					"@executable_path/Frameworks",
				);
				PRODUCT_BUNDLE_IDENTIFIER = com.wangyan.ZiheChat;
				PRODUCT_NAME = "$(TARGET_NAME)";
				SWIFT_VERSION = 5.0;
				TARGETED_DEVICE_FAMILY = "1,2";
			};
			name = Debug;
		};
		B9F2CA4223F0ECDA002786F8 /* Release */ = {
			isa = XCBuildConfiguration;
			buildSettings = {
				ASSETCATALOG_COMPILER_APPICON_NAME = AppIcon;
				CODE_SIGN_STYLE = Automatic;
				DEVELOPMENT_TEAM = GM3FDHAM9P;
				INFOPLIST_FILE = ZiheChat/Info.plist;
				LD_RUNPATH_SEARCH_PATHS = (
					"$(inherited)",
					"@executable_path/Frameworks",
				);
				PRODUCT_BUNDLE_IDENTIFIER = com.wangyan.ZiheChat;
				PRODUCT_NAME = "$(TARGET_NAME)";
				SWIFT_VERSION = 5.0;
				TARGETED_DEVICE_FAMILY = "1,2";
			};
			name = Release;
		};
		B9F2CA4423F0ECDA002786F8 /* Debug */ = {
			isa = XCBuildConfiguration;
			buildSettings = {
				ALWAYS_EMBED_SWIFT_STANDARD_LIBRARIES = YES;
				BUNDLE_LOADER = "$(TEST_HOST)";
				CODE_SIGN_STYLE = Automatic;
				DEVELOPMENT_TEAM = GM3FDHAM9P;
				INFOPLIST_FILE = ZiheChatTests/Info.plist;
				IPHONEOS_DEPLOYMENT_TARGET = 13.2;
				LD_RUNPATH_SEARCH_PATHS = (
					"$(inherited)",
					"@executable_path/Frameworks",
					"@loader_path/Frameworks",
				);
				PRODUCT_BUNDLE_IDENTIFIER = com.wangyan.ZiheChatTests;
				PRODUCT_NAME = "$(TARGET_NAME)";
				SWIFT_VERSION = 5.0;
				TARGETED_DEVICE_FAMILY = "1,2";
				TEST_HOST = "$(BUILT_PRODUCTS_DIR)/ZiheChat.app/ZiheChat";
			};
			name = Debug;
		};
		B9F2CA4523F0ECDA002786F8 /* Release */ = {
			isa = XCBuildConfiguration;
			buildSettings = {
				ALWAYS_EMBED_SWIFT_STANDARD_LIBRARIES = YES;
				BUNDLE_LOADER = "$(TEST_HOST)";
				CODE_SIGN_STYLE = Automatic;
				DEVELOPMENT_TEAM = GM3FDHAM9P;
				INFOPLIST_FILE = ZiheChatTests/Info.plist;
				IPHONEOS_DEPLOYMENT_TARGET = 13.2;
				LD_RUNPATH_SEARCH_PATHS = (
					"$(inherited)",
					"@executable_path/Frameworks",
					"@loader_path/Frameworks",
				);
				PRODUCT_BUNDLE_IDENTIFIER = com.wangyan.ZiheChatTests;
				PRODUCT_NAME = "$(TARGET_NAME)";
				SWIFT_VERSION = 5.0;
				TARGETED_DEVICE_FAMILY = "1,2";
				TEST_HOST = "$(BUILT_PRODUCTS_DIR)/ZiheChat.app/ZiheChat";
			};
			name = Release;
		};
		B9F2CA4723F0ECDA002786F8 /* Debug */ = {
			isa = XCBuildConfiguration;
			buildSettings = {
				ALWAYS_EMBED_SWIFT_STANDARD_LIBRARIES = YES;
				CODE_SIGN_STYLE = Automatic;
				DEVELOPMENT_TEAM = GM3FDHAM9P;
				INFOPLIST_FILE = ZiheChatUITests/Info.plist;
				LD_RUNPATH_SEARCH_PATHS = (
					"$(inherited)",
					"@executable_path/Frameworks",
					"@loader_path/Frameworks",
				);
				PRODUCT_BUNDLE_IDENTIFIER = com.wangyan.ZiheChatUITests;
				PRODUCT_NAME = "$(TARGET_NAME)";
				SWIFT_VERSION = 5.0;
				TARGETED_DEVICE_FAMILY = "1,2";
				TEST_TARGET_NAME = ZiheChat;
			};
			name = Debug;
		};
		B9F2CA4823F0ECDA002786F8 /* Release */ = {
			isa = XCBuildConfiguration;
			buildSettings = {
				ALWAYS_EMBED_SWIFT_STANDARD_LIBRARIES = YES;
				CODE_SIGN_STYLE = Automatic;
				DEVELOPMENT_TEAM = GM3FDHAM9P;
				INFOPLIST_FILE = ZiheChatUITests/Info.plist;
				LD_RUNPATH_SEARCH_PATHS = (
					"$(inherited)",
					"@executable_path/Frameworks",
					"@loader_path/Frameworks",
				);
				PRODUCT_BUNDLE_IDENTIFIER = com.wangyan.ZiheChatUITests;
				PRODUCT_NAME = "$(TARGET_NAME)";
				SWIFT_VERSION = 5.0;
				TARGETED_DEVICE_FAMILY = "1,2";
				TEST_TARGET_NAME = ZiheChat;
			};
			name = Release;
		};
/* End XCBuildConfiguration section */

/* Begin XCConfigurationList section */
		B9F2CA0E23F0ECD8002786F8 /* Build configuration list for PBXProject "ZiheChat" */ = {
			isa = XCConfigurationList;
			buildConfigurations = (
				B9F2CA3E23F0ECDA002786F8 /* Debug */,
				B9F2CA3F23F0ECDA002786F8 /* Release */,
			);
			defaultConfigurationIsVisible = 0;
			defaultConfigurationName = Release;
		};
		B9F2CA4023F0ECDA002786F8 /* Build configuration list for PBXNativeTarget "ZiheChat" */ = {
			isa = XCConfigurationList;
			buildConfigurations = (
				B9F2CA4123F0ECDA002786F8 /* Debug */,
				B9F2CA4223F0ECDA002786F8 /* Release */,
			);
			defaultConfigurationIsVisible = 0;
			defaultConfigurationName = Release;
		};
		B9F2CA4323F0ECDA002786F8 /* Build configuration list for PBXNativeTarget "ZiheChatTests" */ = {
			isa = XCConfigurationList;
			buildConfigurations = (
				B9F2CA4423F0ECDA002786F8 /* Debug */,
				B9F2CA4523F0ECDA002786F8 /* Release */,
			);
			defaultConfigurationIsVisible = 0;
			defaultConfigurationName = Release;
		};
		B9F2CA4623F0ECDA002786F8 /* Build configuration list for PBXNativeTarget "ZiheChatUITests" */ = {
			isa = XCConfigurationList;
			buildConfigurations = (
				B9F2CA4723F0ECDA002786F8 /* Debug */,
				B9F2CA4823F0ECDA002786F8 /* Release */,
			);
			defaultConfigurationIsVisible = 0;
			defaultConfigurationName = Release;
		};
/* End XCConfigurationList section */

/* Begin XCVersionGroup section */
		B9F2CA1F23F0ECD8002786F8 /* ZiheChat.xcdatamodeld */ = {
			isa = XCVersionGroup;
			children = (
				B9F2CA2023F0ECD8002786F8 /* ZiheChat.xcdatamodel */,
			);
			currentVersion = B9F2CA2023F0ECD8002786F8 /* ZiheChat.xcdatamodel */;
			path = ZiheChat.xcdatamodeld;
			sourceTree = "<group>";
			versionGroupType = wrapper.xcdatamodel;
		};
/* End XCVersionGroup section */
	};
	rootObject = B9F2CA0B23F0ECD8002786F8 /* Project object */;
}
